
Microsoft Visual Studio Solution File, Format Version 12.00
# Visual Studio Version 17
Project("{2150E333-8FDC-42A3-9474-1A3956D46DE8}") = "RTTR", "RTTR", "{F862CB5D-E41A-0DAB-4D22-E60639F9A79B}"
EndProject
Project("{8BC9CEB8-8B4A-11D0-8D11-00A0C91BC942}") = "RTTR", "RTTR\RTTR.vcxproj", "{11778B7C-FDAD-8C0D-A69A-721092B0080F}"
EndProject
Project("{2150E333-8FDC-42A3-9474-1A3956D46DE8}") = "Dependencies", "Dependencies", "{53E47842-3FC8-3998-A828-34EB942B241A}"
EndProject
Project("{8BC9CEB8-8B4A-11D0-8D11-00A0C91BC942}") = "GLFW", "dependencies\GLFW\GLFW.vcxproj", "{154B857C-0182-860D-AA6E-6C109684020F}"
EndProject
Project("{8BC9CEB8-8B4A-11D0-8D11-00A0C91BC942}") = "Glad", "dependencies\Glad\Glad.vcxproj", "{BDD6857C-A90D-870D-52FA-6C103E10030F}"
EndProject
Project("{8BC9CEB8-8B4A-11D0-8D11-00A0C91BC942}") = "ImGui", "dependencies\ImGui\ImGui.vcxproj", "{C0FF640D-2C14-8DBE-F595-301E616989EF}"
EndProject
Project("{2150E333-8FDC-42A3-9474-1A3956D46DE8}") = "Mono", "Mono", "{651BC95D-51D3-0AAB-BADA-E306A6B1A59B}"
EndProject
Project("{8BC9CEB8-8B4A-11D0-8D11-00A0C91BC942}") = "Mono", "Mono\Mono.vcxproj", "{7E2F897C-6A66-8A0D-1353-7010FF68060F}"
EndProject
Global
	GlobalSection(SolutionConfigurationPlatforms) = preSolution
		Mono|x64 = Mono|x64
		RTTR|x64 = RTTR|x64
	EndGlobalSection
	GlobalSection(ProjectConfigurationPlatforms) = postSolution
		{11778B7C-FDAD-8C0D-A69A-721092B0080F}.Mono|x64.ActiveCfg = Mono|x64
		{11778B7C-FDAD-8C0D-A69A-721092B0080F}.Mono|x64.Build.0 = Mono|x64
		{11778B7C-FDAD-8C0D-A69A-721092B0080F}.RTTR|x64.ActiveCfg = RTTR|x64
		{11778B7C-FDAD-8C0D-A69A-721092B0080F}.RTTR|x64.Build.0 = RTTR|x64
		{154B857C-0182-860D-AA6E-6C109684020F}.Mono|x64.ActiveCfg = Mono|x64
		{154B857C-0182-860D-AA6E-6C109684020F}.Mono|x64.Build.0 = Mono|x64
		{154B857C-0182-860D-AA6E-6C109684020F}.RTTR|x64.ActiveCfg = RTTR|x64
		{154B857C-0182-860D-AA6E-6C109684020F}.RTTR|x64.Build.0 = RTTR|x64
		{BDD6857C-A90D-870D-52FA-6C103E10030F}.Mono|x64.ActiveCfg = Mono|x64
		{BDD6857C-A90D-870D-52FA-6C103E10030F}.Mono|x64.Build.0 = Mono|x64
		{BDD6857C-A90D-870D-52FA-6C103E10030F}.RTTR|x64.ActiveCfg = RTTR|x64
		{BDD6857C-A90D-870D-52FA-6C103E10030F}.RTTR|x64.Build.0 = RTTR|x64
		{C0FF640D-2C14-8DBE-F595-301E616989EF}.Mono|x64.ActiveCfg = Mono|x64
		{C0FF640D-2C14-8DBE-F595-301E616989EF}.Mono|x64.Build.0 = Mono|x64
		{C0FF640D-2C14-8DBE-F595-301E616989EF}.RTTR|x64.ActiveCfg = RTTR|x64
		{C0FF640D-2C14-8DBE-F595-301E616989EF}.RTTR|x64.Build.0 = RTTR|x64
		{7E2F897C-6A66-8A0D-1353-7010FF68060F}.Mono|x64.ActiveCfg = Mono|x64
		{7E2F897C-6A66-8A0D-1353-7010FF68060F}.Mono|x64.Build.0 = Mono|x64
		{7E2F897C-6A66-8A0D-1353-7010FF68060F}.RTTR|x64.ActiveCfg = RTTR|x64
		{7E2F897C-6A66-8A0D-1353-7010FF68060F}.RTTR|x64.Build.0 = RTTR|x64
	EndGlobalSection
	GlobalSection(SolutionProperties) = preSolution
		HideSolutionNode = FALSE
	EndGlobalSection
	GlobalSection(NestedProjects) = preSolution
		{11778B7C-FDAD-8C0D-A69A-721092B0080F} = {F862CB5D-E41A-0DAB-4D22-E60639F9A79B}
		{154B857C-0182-860D-AA6E-6C109684020F} = {53E47842-3FC8-3998-A828-34EB942B241A}
		{BDD6857C-A90D-870D-52FA-6C103E10030F} = {53E47842-3FC8-3998-A828-34EB942B241A}
		{C0FF640D-2C14-8DBE-F595-301E616989EF} = {53E47842-3FC8-3998-A828-34EB942B241A}
		{7E2F897C-6A66-8A0D-1353-7010FF68060F} = {651BC95D-51D3-0AAB-BADA-E306A6B1A59B}
	EndGlobalSection
EndGlobal
