<?xml version="1.0" encoding="utf-8"?>
<Project ToolsVersion="4.0" xmlns="http://schemas.microsoft.com/developer/msbuild/2003">
  <ItemGroup>
    <Filter Include="LitterBox">
      <UniqueIdentifier>{42AD6B65-AE17-20DC-F755-D18163FFFD30}</UniqueIdentifier>
    </Filter>
    <Filter Include="Platform">
      <UniqueIdentifier>{2AC788B4-1694-E3BF-3FAD-D1672BD9184E}</UniqueIdentifier>
    </Filter>
  </ItemGroup>
  <ItemGroup>
    <ClInclude Include="src\LitterBox\pch.h">
      <Filter>LitterBox</Filter>
    </ClInclude>
    <ClInclude Include="src\Platform\pch.h">
      <Filter>Platform</Filter>
    </ClInclude>
  </ItemGroup>
  <ItemGroup>
    <ClCompile Include="src\LitterBox\Main.cpp">
      <Filter>LitterBox</Filter>
    </ClCompile>
    <ClCompile Include="src\LitterBox\pch.cpp">
      <Filter>LitterBox</Filter>
    </ClCompile>
    <ClCompile Include="src\Platform\Main.cpp">
      <Filter>Platform</Filter>
    </ClCompile>
    <ClCompile Include="src\Platform\pch.cpp">
      <Filter>Platform</Filter>
    </ClCompile>
  </ItemGroup>
</Project>