
Microsoft Visual Studio Solution File, Format Version 12.00
# Visual Studio Version 17
VisualStudioVersion = 17.6.33829.357
MinimumVisualStudioVersion = 10.0.40219.1
Project("{2150E333-8FDC-42A3-9474-1A3956D46DE8}") = "Editor", "Editor", "{339C0AE1-1FFF-9985-C884-D23BB4C66508}"
EndProject
Project("{8BC9CEB8-8B4A-11D0-8D11-00A0C91BC942}") = "LBEditor", "LBEditor\LBEditor.vcxproj", "{5A3C0320-4609-5E2B-6F22-4CD35B4E93B9}"
EndProject
Project("{2150E333-8FDC-42A3-9474-1A3956D46DE8}") = "Dependencies", "Dependencies", "{53E47842-3FC8-3998-A828-34EB942B241A}"
EndProject
Project("{8BC9CEB8-8B4A-11D0-8D11-00A0C91BC942}") = "GLFW", "dependencies\GLFW\GLFW.vcxproj", "{154B857C-0182-860D-AA6E-6C109684020F}"
EndProject
Project("{8BC9CEB8-8B4A-11D0-8D11-00A0C91BC942}") = "Glad", "dependencies\Glad\Glad.vcxproj", "{BDD6857C-A90D-870D-52FA-6C103E10030F}"
EndProject
Project("{8BC9CEB8-8B4A-11D0-8D11-00A0C91BC942}") = "ImGui", "dependencies\ImGui\ImGui.vcxproj", "{C0FF640D-2C14-8DBE-F595-301E616989EF}"
EndProject
Project("{2150E333-8FDC-42A3-9474-1A3956D46DE8}") = "Engine", "Engine", "{8249BEE1-6EAC-4D86-1732-863C03741909}"
EndProject
Project("{8BC9CEB8-8B4A-11D0-8D11-00A0C91BC942}") = "LBEngine", "LBEngine\LBEngine.vcxproj", "{A9E9B620-95B6-112C-BECF-FFD3AAFB46BA}"
EndProject
Project("{2150E333-8FDC-42A3-9474-1A3956D46DE8}") = "Game", "Game", "{6695C55D-524D-07AB-BB54-E006A72BA29B}"
EndProject
Project("{8BC9CEB8-8B4A-11D0-8D11-00A0C91BC942}") = "PurrfectPutt", "PurrfectPutt\PurrfectPutt.vcxproj", "{9D3672B4-8999-0159-321F-3A0F1E61CDDB}"
EndProject
Project("{2150E333-8FDC-42A3-9474-1A3956D46DE8}") = "Script", "Script", "{417DA501-2DE0-34A6-D665-6D5CC2A70029}"
EndProject
Project("{FAE04EC0-301F-11D3-BF4B-00C04F79EFBC}") = "LBMono", "LBMono\LBMono.csproj", "{CC85FDBD-B827-2894-A1E2-3BE88D23AFE4}"
EndProject
Global
	GlobalSection(SolutionConfigurationPlatforms) = preSolution
		Editor|x64 = Editor|x64
		Engine|x64 = Engine|x64
		Mono|x64 = Mono|x64
		Release|x64 = Release|x64
	EndGlobalSection
	GlobalSection(ProjectConfigurationPlatforms) = postSolution
		{5A3C0320-4609-5E2B-6F22-4CD35B4E93B9}.Editor|x64.ActiveCfg = Editor|x64
		{5A3C0320-4609-5E2B-6F22-4CD35B4E93B9}.Editor|x64.Build.0 = Editor|x64
		{5A3C0320-4609-5E2B-6F22-4CD35B4E93B9}.Engine|x64.ActiveCfg = Engine|x64
		{5A3C0320-4609-5E2B-6F22-4CD35B4E93B9}.Engine|x64.Build.0 = Engine|x64
		{5A3C0320-4609-5E2B-6F22-4CD35B4E93B9}.Mono|x64.ActiveCfg = Mono|x64
		{5A3C0320-4609-5E2B-6F22-4CD35B4E93B9}.Mono|x64.Build.0 = Mono|x64
		{5A3C0320-4609-5E2B-6F22-4CD35B4E93B9}.Release|x64.ActiveCfg = Release|x64
		{5A3C0320-4609-5E2B-6F22-4CD35B4E93B9}.Release|x64.Build.0 = Release|x64
		{154B857C-0182-860D-AA6E-6C109684020F}.Editor|x64.ActiveCfg = Editor|x64
		{154B857C-0182-860D-AA6E-6C109684020F}.Editor|x64.Build.0 = Editor|x64
		{154B857C-0182-860D-AA6E-6C109684020F}.Engine|x64.ActiveCfg = Engine|x64
		{154B857C-0182-860D-AA6E-6C109684020F}.Engine|x64.Build.0 = Engine|x64
		{154B857C-0182-860D-AA6E-6C109684020F}.Mono|x64.ActiveCfg = Mono|x64
		{154B857C-0182-860D-AA6E-6C109684020F}.Mono|x64.Build.0 = Mono|x64
		{154B857C-0182-860D-AA6E-6C109684020F}.Release|x64.ActiveCfg = Release|x64
		{154B857C-0182-860D-AA6E-6C109684020F}.Release|x64.Build.0 = Release|x64
		{BDD6857C-A90D-870D-52FA-6C103E10030F}.Editor|x64.ActiveCfg = Editor|x64
		{BDD6857C-A90D-870D-52FA-6C103E10030F}.Editor|x64.Build.0 = Editor|x64
		{BDD6857C-A90D-870D-52FA-6C103E10030F}.Engine|x64.ActiveCfg = Engine|x64
		{BDD6857C-A90D-870D-52FA-6C103E10030F}.Engine|x64.Build.0 = Engine|x64
		{BDD6857C-A90D-870D-52FA-6C103E10030F}.Mono|x64.ActiveCfg = Mono|x64
		{BDD6857C-A90D-870D-52FA-6C103E10030F}.Mono|x64.Build.0 = Mono|x64
		{BDD6857C-A90D-870D-52FA-6C103E10030F}.Release|x64.ActiveCfg = Release|x64
		{BDD6857C-A90D-870D-52FA-6C103E10030F}.Release|x64.Build.0 = Release|x64
		{C0FF640D-2C14-8DBE-F595-301E616989EF}.Editor|x64.ActiveCfg = Editor|x64
		{C0FF640D-2C14-8DBE-F595-301E616989EF}.Editor|x64.Build.0 = Editor|x64
		{C0FF640D-2C14-8DBE-F595-301E616989EF}.Engine|x64.ActiveCfg = Engine|x64
		{C0FF640D-2C14-8DBE-F595-301E616989EF}.Engine|x64.Build.0 = Engine|x64
		{C0FF640D-2C14-8DBE-F595-301E616989EF}.Mono|x64.ActiveCfg = Mono|x64
		{C0FF640D-2C14-8DBE-F595-301E616989EF}.Mono|x64.Build.0 = Mono|x64
		{C0FF640D-2C14-8DBE-F595-301E616989EF}.Release|x64.ActiveCfg = Release|x64
		{C0FF640D-2C14-8DBE-F595-301E616989EF}.Release|x64.Build.0 = Release|x64
		{A9E9B620-95B6-112C-BECF-FFD3AAFB46BA}.Editor|x64.ActiveCfg = Editor|x64
		{A9E9B620-95B6-112C-BECF-FFD3AAFB46BA}.Editor|x64.Build.0 = Editor|x64
		{A9E9B620-95B6-112C-BECF-FFD3AAFB46BA}.Engine|x64.ActiveCfg = Engine|x64
		{A9E9B620-95B6-112C-BECF-FFD3AAFB46BA}.Engine|x64.Build.0 = Engine|x64
		{A9E9B620-95B6-112C-BECF-FFD3AAFB46BA}.Mono|x64.ActiveCfg = Mono|x64
		{A9E9B620-95B6-112C-BECF-FFD3AAFB46BA}.Mono|x64.Build.0 = Mono|x64
		{A9E9B620-95B6-112C-BECF-FFD3AAFB46BA}.Release|x64.ActiveCfg = Release|x64
		{A9E9B620-95B6-112C-BECF-FFD3AAFB46BA}.Release|x64.Build.0 = Release|x64
		{9D3672B4-8999-0159-321F-3A0F1E61CDDB}.Editor|x64.ActiveCfg = Editor|x64
		{9D3672B4-8999-0159-321F-3A0F1E61CDDB}.Engine|x64.ActiveCfg = Engine|x64
		{9D3672B4-8999-0159-321F-3A0F1E61CDDB}.Engine|x64.Build.0 = Engine|x64
		{9D3672B4-8999-0159-321F-3A0F1E61CDDB}.Mono|x64.ActiveCfg = Mono|x64
		{9D3672B4-8999-0159-321F-3A0F1E61CDDB}.Mono|x64.Build.0 = Mono|x64
		{9D3672B4-8999-0159-321F-3A0F1E61CDDB}.Release|x64.ActiveCfg = Release|x64
		{9D3672B4-8999-0159-321F-3A0F1E61CDDB}.Release|x64.Build.0 = Release|x64
		{CC85FDBD-B827-2894-A1E2-3BE88D23AFE4}.Editor|x64.ActiveCfg = Editor|x64
		{CC85FDBD-B827-2894-A1E2-3BE88D23AFE4}.Editor|x64.Build.0 = Editor|x64
		{CC85FDBD-B827-2894-A1E2-3BE88D23AFE4}.Engine|x64.ActiveCfg = Engine|x64
		{CC85FDBD-B827-2894-A1E2-3BE88D23AFE4}.Engine|x64.Build.0 = Engine|x64
		{CC85FDBD-B827-2894-A1E2-3BE88D23AFE4}.Mono|x64.ActiveCfg = Mono|x64
		{CC85FDBD-B827-2894-A1E2-3BE88D23AFE4}.Mono|x64.Build.0 = Mono|x64
		{CC85FDBD-B827-2894-A1E2-3BE88D23AFE4}.Release|x64.ActiveCfg = Release|x64
		{CC85FDBD-B827-2894-A1E2-3BE88D23AFE4}.Release|x64.Build.0 = Release|x64
	EndGlobalSection
	GlobalSection(SolutionProperties) = preSolution
		HideSolutionNode = FALSE
	EndGlobalSection
	GlobalSection(NestedProjects) = preSolution
		{5A3C0320-4609-5E2B-6F22-4CD35B4E93B9} = {339C0AE1-1FFF-9985-C884-D23BB4C66508}
		{154B857C-0182-860D-AA6E-6C109684020F} = {53E47842-3FC8-3998-A828-34EB942B241A}
		{BDD6857C-A90D-870D-52FA-6C103E10030F} = {53E47842-3FC8-3998-A828-34EB942B241A}
		{C0FF640D-2C14-8DBE-F595-301E616989EF} = {53E47842-3FC8-3998-A828-34EB942B241A}
		{A9E9B620-95B6-112C-BECF-FFD3AAFB46BA} = {8249BEE1-6EAC-4D86-1732-863C03741909}
		{9D3672B4-8999-0159-321F-3A0F1E61CDDB} = {6695C55D-524D-07AB-BB54-E006A72BA29B}
		{CC85FDBD-B827-2894-A1E2-3BE88D23AFE4} = {417DA501-2DE0-34A6-D665-6D5CC2A70029}
	EndGlobalSection
EndGlobal
