
Microsoft Visual Studio Solution File, Format Version 12.00
# Visual Studio Version 17
Project("{2150E333-8FDC-42A3-9474-1A3956D46DE8}") = "Executable", "Executable", "{2EFA00BB-1AF3-1F0D-4325-05922F7DFF18}"
EndProject
Project("{8BC9CEB8-8B4A-11D0-8D11-00A0C91BC942}") = "LitterBoxEngine", "LitterBoxEngine\LitterBoxEngine.vcxproj", "{D8D93126-4465-9FEA-4D76-22DFB980FBEA}"
EndProject
Project("{2150E333-8FDC-42A3-9474-1A3956D46DE8}") = "Dependencies", "Dependencies", "{53E47842-3FC8-3998-A828-34EB942B241A}"
EndProject
Project("{8BC9CEB8-8B4A-11D0-8D11-00A0C91BC942}") = "GLFW", "dependencies\GLFW\GLFW.vcxproj", "{154B857C-0182-860D-AA6E-6C109684020F}"
EndProject
Project("{8BC9CEB8-8B4A-11D0-8D11-00A0C91BC942}") = "Glad", "dependencies\Glad\Glad.vcxproj", "{BDD6857C-A90D-870D-52FA-6C103E10030F}"
EndProject
Project("{8BC9CEB8-8B4A-11D0-8D11-00A0C91BC942}") = "ImGui", "dependencies\ImGui\ImGui.vcxproj", "{C0FF640D-2C14-8DBE-F595-301E616989EF}"
EndProject
Project("{2150E333-8FDC-42A3-9474-1A3956D46DE8}") = "Engine", "Engine", "{8249BEE1-6EAC-4D86-1732-863C03741909}"
EndProject
Project("{8BC9CEB8-8B4A-11D0-8D11-00A0C91BC942}") = "LitterBox", "LitterBox\LitterBox.vcxproj", "{42AD6B65-AE17-20DC-F755-D18163FFFD30}"
EndProject
Global
	GlobalSection(SolutionConfigurationPlatforms) = preSolution
		Debug|Editor = Debug|Editor
		Debug|Executable = Debug|Executable
		Release|Editor = Release|Editor
		Release|Executable = Release|Executable
	EndGlobalSection
	GlobalSection(ProjectConfigurationPlatforms) = postSolution
		{D8D93126-4465-9FEA-4D76-22DFB980FBEA}.Debug|Editor.ActiveCfg = Debug Editor|x64
		{D8D93126-4465-9FEA-4D76-22DFB980FBEA}.Debug|Editor.Build.0 = Debug Editor|x64
		{D8D93126-4465-9FEA-4D76-22DFB980FBEA}.Debug|Executable.ActiveCfg = Debug Executable|x64
		{D8D93126-4465-9FEA-4D76-22DFB980FBEA}.Debug|Executable.Build.0 = Debug Executable|x64
		{D8D93126-4465-9FEA-4D76-22DFB980FBEA}.Release|Editor.ActiveCfg = Release Editor|x64
		{D8D93126-4465-9FEA-4D76-22DFB980FBEA}.Release|Editor.Build.0 = Release Editor|x64
		{D8D93126-4465-9FEA-4D76-22DFB980FBEA}.Release|Executable.ActiveCfg = Release Executable|x64
		{D8D93126-4465-9FEA-4D76-22DFB980FBEA}.Release|Executable.Build.0 = Release Executable|x64
		{154B857C-0182-860D-AA6E-6C109684020F}.Debug|Editor.ActiveCfg = Debug Editor|x64
		{154B857C-0182-860D-AA6E-6C109684020F}.Debug|Editor.Build.0 = Debug Editor|x64
		{154B857C-0182-860D-AA6E-6C109684020F}.Debug|Executable.ActiveCfg = Debug Executable|x64
		{154B857C-0182-860D-AA6E-6C109684020F}.Debug|Executable.Build.0 = Debug Executable|x64
		{154B857C-0182-860D-AA6E-6C109684020F}.Release|Editor.ActiveCfg = Release Editor|x64
		{154B857C-0182-860D-AA6E-6C109684020F}.Release|Editor.Build.0 = Release Editor|x64
		{154B857C-0182-860D-AA6E-6C109684020F}.Release|Executable.ActiveCfg = Release Executable|x64
		{154B857C-0182-860D-AA6E-6C109684020F}.Release|Executable.Build.0 = Release Executable|x64
		{BDD6857C-A90D-870D-52FA-6C103E10030F}.Debug|Editor.ActiveCfg = Debug Editor|x64
		{BDD6857C-A90D-870D-52FA-6C103E10030F}.Debug|Editor.Build.0 = Debug Editor|x64
		{BDD6857C-A90D-870D-52FA-6C103E10030F}.Debug|Executable.ActiveCfg = Debug Executable|x64
		{BDD6857C-A90D-870D-52FA-6C103E10030F}.Debug|Executable.Build.0 = Debug Executable|x64
		{BDD6857C-A90D-870D-52FA-6C103E10030F}.Release|Editor.ActiveCfg = Release Editor|x64
		{BDD6857C-A90D-870D-52FA-6C103E10030F}.Release|Editor.Build.0 = Release Editor|x64
		{BDD6857C-A90D-870D-52FA-6C103E10030F}.Release|Executable.ActiveCfg = Release Executable|x64
		{BDD6857C-A90D-870D-52FA-6C103E10030F}.Release|Executable.Build.0 = Release Executable|x64
		{C0FF640D-2C14-8DBE-F595-301E616989EF}.Debug|Editor.ActiveCfg = Debug Editor|x64
		{C0FF640D-2C14-8DBE-F595-301E616989EF}.Debug|Editor.Build.0 = Debug Editor|x64
		{C0FF640D-2C14-8DBE-F595-301E616989EF}.Debug|Executable.ActiveCfg = Debug Executable|x64
		{C0FF640D-2C14-8DBE-F595-301E616989EF}.Debug|Executable.Build.0 = Debug Executable|x64
		{C0FF640D-2C14-8DBE-F595-301E616989EF}.Release|Editor.ActiveCfg = Release Editor|x64
		{C0FF640D-2C14-8DBE-F595-301E616989EF}.Release|Editor.Build.0 = Release Editor|x64
		{C0FF640D-2C14-8DBE-F595-301E616989EF}.Release|Executable.ActiveCfg = Release Executable|x64
		{C0FF640D-2C14-8DBE-F595-301E616989EF}.Release|Executable.Build.0 = Release Executable|x64
		{42AD6B65-AE17-20DC-F755-D18163FFFD30}.Debug|Editor.ActiveCfg = Debug Editor|x64
		{42AD6B65-AE17-20DC-F755-D18163FFFD30}.Debug|Editor.Build.0 = Debug Editor|x64
		{42AD6B65-AE17-20DC-F755-D18163FFFD30}.Debug|Executable.ActiveCfg = Debug Executable|x64
		{42AD6B65-AE17-20DC-F755-D18163FFFD30}.Debug|Executable.Build.0 = Debug Executable|x64
		{42AD6B65-AE17-20DC-F755-D18163FFFD30}.Release|Editor.ActiveCfg = Release Editor|x64
		{42AD6B65-AE17-20DC-F755-D18163FFFD30}.Release|Editor.Build.0 = Release Editor|x64
		{42AD6B65-AE17-20DC-F755-D18163FFFD30}.Release|Executable.ActiveCfg = Release Executable|x64
		{42AD6B65-AE17-20DC-F755-D18163FFFD30}.Release|Executable.Build.0 = Release Executable|x64
	EndGlobalSection
	GlobalSection(SolutionProperties) = preSolution
		HideSolutionNode = FALSE
	EndGlobalSection
	GlobalSection(NestedProjects) = preSolution
		{D8D93126-4465-9FEA-4D76-22DFB980FBEA} = {2EFA00BB-1AF3-1F0D-4325-05922F7DFF18}
		{154B857C-0182-860D-AA6E-6C109684020F} = {53E47842-3FC8-3998-A828-34EB942B241A}
		{BDD6857C-A90D-870D-52FA-6C103E10030F} = {53E47842-3FC8-3998-A828-34EB942B241A}
		{C0FF640D-2C14-8DBE-F595-301E616989EF} = {53E47842-3FC8-3998-A828-34EB942B241A}
		{42AD6B65-AE17-20DC-F755-D18163FFFD30} = {8249BEE1-6EAC-4D86-1732-863C03741909}
	EndGlobalSection
EndGlobal
